
Microsoft Visual Studio Solution File, Format Version 12.00
# Visual Studio Version 16
VisualStudioVersion = 16.0.29411.108
MinimumVisualStudioVersion = 15.0.26124.0
Project("{9A19103F-16F7-4668-BE54-9A1E7A4F7556}") = "SpotiHi.Domain", "src\SpotiHi.Domain\SpotiHi.Domain.csproj", "{6146915D-7056-4F02-B7A2-4F4EC865F30E}"
EndProject
Project("{9A19103F-16F7-4668-BE54-9A1E7A4F7556}") = "SpotiHi.Data", "src\SpotiHi.Data\SpotiHi.Data.csproj", "{E856D4AC-6BF1-4644-9BC8-2667F5A9E39A}"
EndProject
Project("{9A19103F-16F7-4668-BE54-9A1E7A4F7556}") = "SpotiHi.Dtos", "src\SpotiHi.Dtos\SpotiHi.Dtos.csproj", "{268BB6D8-E318-47F1-9CFF-E0741ED99A3F}"
EndProject
Project("{2150E333-8FDC-42A3-9474-1A3956D46DE8}") = "Abstractions", "Abstractions", "{1C8ED70F-ED48-4640-BF71-996C936F22D4}"
EndProject
Project("{9A19103F-16F7-4668-BE54-9A1E7A4F7556}") = "SpotiHi.Abstractions.Data", "src\SpotiHi.Abstractions.Data\SpotiHi.Abstractions.Data.csproj", "{EA28EF3F-22EB-43DB-8CD7-BF694C7B370F}"
EndProject
Project("{9A19103F-16F7-4668-BE54-9A1E7A4F7556}") = "SpotiHi.Abstractions.Domain", "src\SpotiHi.Abstractions.Domain\SpotiHi.Abstractions.Domain.csproj", "{AAD81AE0-76C4-467D-83CE-38D05D64416C}"
EndProject
Project("{9A19103F-16F7-4668-BE54-9A1E7A4F7556}") = "SpotiHi.Abstractions.Functions", "src\SpotiHi.Abstractions.Functions\SpotiHi.Abstractions.Functions.csproj", "{EE431B63-0AB1-4EA3-A710-69343AD7CBB0}"
EndProject
Project("{2150E333-8FDC-42A3-9474-1A3956D46DE8}") = "src", "src", "{EFFCF19A-4880-422C-82FE-74D84128E83F}"
EndProject
Project("{2150E333-8FDC-42A3-9474-1A3956D46DE8}") = "test", "test", "{40BD257E-CA3B-491F-9DFE-3079F6F4097A}"
EndProject
Project("{9A19103F-16F7-4668-BE54-9A1E7A4F7556}") = "SpotiHi.Functions", "src\SpotiHi.Functions\SpotiHi.Functions.csproj", "{3C072EBE-BEF6-4964-AF7D-5AA5F6290286}"
EndProject
Project("{FAE04EC0-301F-11D3-BF4B-00C04F79EFBC}") = "SpotiHi.Core", "src\SpotiHi.Core\SpotiHi.Core.csproj", "{B556E383-0A77-412B-91FC-A5E98CA55AFE}"
EndProject
Project("{FAE04EC0-301F-11D3-BF4B-00C04F79EFBC}") = "SpotiHi.Abstractions.Core", "src\SpotiHi.Abstractions.Core\SpotiHi.Abstractions.Core.csproj", "{4CF8DB9B-58D8-4F1F-9C1E-BA3816C9C8BC}"
EndProject
Global
	GlobalSection(SolutionConfigurationPlatforms) = preSolution
		Debug|Any CPU = Debug|Any CPU
		Debug|x64 = Debug|x64
		Debug|x86 = Debug|x86
		Release|Any CPU = Release|Any CPU
		Release|x64 = Release|x64
		Release|x86 = Release|x86
	EndGlobalSection
	GlobalSection(ProjectConfigurationPlatforms) = postSolution
		{6146915D-7056-4F02-B7A2-4F4EC865F30E}.Debug|Any CPU.ActiveCfg = Debug|Any CPU
		{6146915D-7056-4F02-B7A2-4F4EC865F30E}.Debug|Any CPU.Build.0 = Debug|Any CPU
		{6146915D-7056-4F02-B7A2-4F4EC865F30E}.Debug|x64.ActiveCfg = Debug|Any CPU
		{6146915D-7056-4F02-B7A2-4F4EC865F30E}.Debug|x64.Build.0 = Debug|Any CPU
		{6146915D-7056-4F02-B7A2-4F4EC865F30E}.Debug|x86.ActiveCfg = Debug|Any CPU
		{6146915D-7056-4F02-B7A2-4F4EC865F30E}.Debug|x86.Build.0 = Debug|Any CPU
		{6146915D-7056-4F02-B7A2-4F4EC865F30E}.Release|Any CPU.ActiveCfg = Release|Any CPU
		{6146915D-7056-4F02-B7A2-4F4EC865F30E}.Release|Any CPU.Build.0 = Release|Any CPU
		{6146915D-7056-4F02-B7A2-4F4EC865F30E}.Release|x64.ActiveCfg = Release|Any CPU
		{6146915D-7056-4F02-B7A2-4F4EC865F30E}.Release|x64.Build.0 = Release|Any CPU
		{6146915D-7056-4F02-B7A2-4F4EC865F30E}.Release|x86.ActiveCfg = Release|Any CPU
		{6146915D-7056-4F02-B7A2-4F4EC865F30E}.Release|x86.Build.0 = Release|Any CPU
		{E856D4AC-6BF1-4644-9BC8-2667F5A9E39A}.Debug|Any CPU.ActiveCfg = Debug|Any CPU
		{E856D4AC-6BF1-4644-9BC8-2667F5A9E39A}.Debug|Any CPU.Build.0 = Debug|Any CPU
		{E856D4AC-6BF1-4644-9BC8-2667F5A9E39A}.Debug|x64.ActiveCfg = Debug|Any CPU
		{E856D4AC-6BF1-4644-9BC8-2667F5A9E39A}.Debug|x64.Build.0 = Debug|Any CPU
		{E856D4AC-6BF1-4644-9BC8-2667F5A9E39A}.Debug|x86.ActiveCfg = Debug|Any CPU
		{E856D4AC-6BF1-4644-9BC8-2667F5A9E39A}.Debug|x86.Build.0 = Debug|Any CPU
		{E856D4AC-6BF1-4644-9BC8-2667F5A9E39A}.Release|Any CPU.ActiveCfg = Release|Any CPU
		{E856D4AC-6BF1-4644-9BC8-2667F5A9E39A}.Release|Any CPU.Build.0 = Release|Any CPU
		{E856D4AC-6BF1-4644-9BC8-2667F5A9E39A}.Release|x64.ActiveCfg = Release|Any CPU
		{E856D4AC-6BF1-4644-9BC8-2667F5A9E39A}.Release|x64.Build.0 = Release|Any CPU
		{E856D4AC-6BF1-4644-9BC8-2667F5A9E39A}.Release|x86.ActiveCfg = Release|Any CPU
		{E856D4AC-6BF1-4644-9BC8-2667F5A9E39A}.Release|x86.Build.0 = Release|Any CPU
		{268BB6D8-E318-47F1-9CFF-E0741ED99A3F}.Debug|Any CPU.ActiveCfg = Debug|Any CPU
		{268BB6D8-E318-47F1-9CFF-E0741ED99A3F}.Debug|Any CPU.Build.0 = Debug|Any CPU
		{268BB6D8-E318-47F1-9CFF-E0741ED99A3F}.Debug|x64.ActiveCfg = Debug|Any CPU
		{268BB6D8-E318-47F1-9CFF-E0741ED99A3F}.Debug|x64.Build.0 = Debug|Any CPU
		{268BB6D8-E318-47F1-9CFF-E0741ED99A3F}.Debug|x86.ActiveCfg = Debug|Any CPU
		{268BB6D8-E318-47F1-9CFF-E0741ED99A3F}.Debug|x86.Build.0 = Debug|Any CPU
		{268BB6D8-E318-47F1-9CFF-E0741ED99A3F}.Release|Any CPU.ActiveCfg = Release|Any CPU
		{268BB6D8-E318-47F1-9CFF-E0741ED99A3F}.Release|Any CPU.Build.0 = Release|Any CPU
		{268BB6D8-E318-47F1-9CFF-E0741ED99A3F}.Release|x64.ActiveCfg = Release|Any CPU
		{268BB6D8-E318-47F1-9CFF-E0741ED99A3F}.Release|x64.Build.0 = Release|Any CPU
		{268BB6D8-E318-47F1-9CFF-E0741ED99A3F}.Release|x86.ActiveCfg = Release|Any CPU
		{268BB6D8-E318-47F1-9CFF-E0741ED99A3F}.Release|x86.Build.0 = Release|Any CPU
		{EA28EF3F-22EB-43DB-8CD7-BF694C7B370F}.Debug|Any CPU.ActiveCfg = Debug|Any CPU
		{EA28EF3F-22EB-43DB-8CD7-BF694C7B370F}.Debug|Any CPU.Build.0 = Debug|Any CPU
		{EA28EF3F-22EB-43DB-8CD7-BF694C7B370F}.Debug|x64.ActiveCfg = Debug|Any CPU
		{EA28EF3F-22EB-43DB-8CD7-BF694C7B370F}.Debug|x64.Build.0 = Debug|Any CPU
		{EA28EF3F-22EB-43DB-8CD7-BF694C7B370F}.Debug|x86.ActiveCfg = Debug|Any CPU
		{EA28EF3F-22EB-43DB-8CD7-BF694C7B370F}.Debug|x86.Build.0 = Debug|Any CPU
		{EA28EF3F-22EB-43DB-8CD7-BF694C7B370F}.Release|Any CPU.ActiveCfg = Release|Any CPU
		{EA28EF3F-22EB-43DB-8CD7-BF694C7B370F}.Release|Any CPU.Build.0 = Release|Any CPU
		{EA28EF3F-22EB-43DB-8CD7-BF694C7B370F}.Release|x64.ActiveCfg = Release|Any CPU
		{EA28EF3F-22EB-43DB-8CD7-BF694C7B370F}.Release|x64.Build.0 = Release|Any CPU
		{EA28EF3F-22EB-43DB-8CD7-BF694C7B370F}.Release|x86.ActiveCfg = Release|Any CPU
		{EA28EF3F-22EB-43DB-8CD7-BF694C7B370F}.Release|x86.Build.0 = Release|Any CPU
		{AAD81AE0-76C4-467D-83CE-38D05D64416C}.Debug|Any CPU.ActiveCfg = Debug|Any CPU
		{AAD81AE0-76C4-467D-83CE-38D05D64416C}.Debug|Any CPU.Build.0 = Debug|Any CPU
		{AAD81AE0-76C4-467D-83CE-38D05D64416C}.Debug|x64.ActiveCfg = Debug|Any CPU
		{AAD81AE0-76C4-467D-83CE-38D05D64416C}.Debug|x64.Build.0 = Debug|Any CPU
		{AAD81AE0-76C4-467D-83CE-38D05D64416C}.Debug|x86.ActiveCfg = Debug|Any CPU
		{AAD81AE0-76C4-467D-83CE-38D05D64416C}.Debug|x86.Build.0 = Debug|Any CPU
		{AAD81AE0-76C4-467D-83CE-38D05D64416C}.Release|Any CPU.ActiveCfg = Release|Any CPU
		{AAD81AE0-76C4-467D-83CE-38D05D64416C}.Release|Any CPU.Build.0 = Release|Any CPU
		{AAD81AE0-76C4-467D-83CE-38D05D64416C}.Release|x64.ActiveCfg = Release|Any CPU
		{AAD81AE0-76C4-467D-83CE-38D05D64416C}.Release|x64.Build.0 = Release|Any CPU
		{AAD81AE0-76C4-467D-83CE-38D05D64416C}.Release|x86.ActiveCfg = Release|Any CPU
		{AAD81AE0-76C4-467D-83CE-38D05D64416C}.Release|x86.Build.0 = Release|Any CPU
		{EE431B63-0AB1-4EA3-A710-69343AD7CBB0}.Debug|Any CPU.ActiveCfg = Debug|Any CPU
		{EE431B63-0AB1-4EA3-A710-69343AD7CBB0}.Debug|Any CPU.Build.0 = Debug|Any CPU
		{EE431B63-0AB1-4EA3-A710-69343AD7CBB0}.Debug|x64.ActiveCfg = Debug|Any CPU
		{EE431B63-0AB1-4EA3-A710-69343AD7CBB0}.Debug|x64.Build.0 = Debug|Any CPU
		{EE431B63-0AB1-4EA3-A710-69343AD7CBB0}.Debug|x86.ActiveCfg = Debug|Any CPU
		{EE431B63-0AB1-4EA3-A710-69343AD7CBB0}.Debug|x86.Build.0 = Debug|Any CPU
		{EE431B63-0AB1-4EA3-A710-69343AD7CBB0}.Release|Any CPU.ActiveCfg = Release|Any CPU
		{EE431B63-0AB1-4EA3-A710-69343AD7CBB0}.Release|Any CPU.Build.0 = Release|Any CPU
		{EE431B63-0AB1-4EA3-A710-69343AD7CBB0}.Release|x64.ActiveCfg = Release|Any CPU
		{EE431B63-0AB1-4EA3-A710-69343AD7CBB0}.Release|x64.Build.0 = Release|Any CPU
		{EE431B63-0AB1-4EA3-A710-69343AD7CBB0}.Release|x86.ActiveCfg = Release|Any CPU
		{EE431B63-0AB1-4EA3-A710-69343AD7CBB0}.Release|x86.Build.0 = Release|Any CPU
		{3C072EBE-BEF6-4964-AF7D-5AA5F6290286}.Debug|Any CPU.ActiveCfg = Debug|Any CPU
		{3C072EBE-BEF6-4964-AF7D-5AA5F6290286}.Debug|Any CPU.Build.0 = Debug|Any CPU
		{3C072EBE-BEF6-4964-AF7D-5AA5F6290286}.Debug|x64.ActiveCfg = Debug|Any CPU
		{3C072EBE-BEF6-4964-AF7D-5AA5F6290286}.Debug|x64.Build.0 = Debug|Any CPU
		{3C072EBE-BEF6-4964-AF7D-5AA5F6290286}.Debug|x86.ActiveCfg = Debug|Any CPU
		{3C072EBE-BEF6-4964-AF7D-5AA5F6290286}.Debug|x86.Build.0 = Debug|Any CPU
		{3C072EBE-BEF6-4964-AF7D-5AA5F6290286}.Release|Any CPU.ActiveCfg = Release|Any CPU
		{3C072EBE-BEF6-4964-AF7D-5AA5F6290286}.Release|Any CPU.Build.0 = Release|Any CPU
		{3C072EBE-BEF6-4964-AF7D-5AA5F6290286}.Release|x64.ActiveCfg = Release|Any CPU
		{3C072EBE-BEF6-4964-AF7D-5AA5F6290286}.Release|x64.Build.0 = Release|Any CPU
		{3C072EBE-BEF6-4964-AF7D-5AA5F6290286}.Release|x86.ActiveCfg = Release|Any CPU
		{3C072EBE-BEF6-4964-AF7D-5AA5F6290286}.Release|x86.Build.0 = Release|Any CPU
		{B556E383-0A77-412B-91FC-A5E98CA55AFE}.Debug|Any CPU.ActiveCfg = Debug|Any CPU
		{B556E383-0A77-412B-91FC-A5E98CA55AFE}.Debug|Any CPU.Build.0 = Debug|Any CPU
		{B556E383-0A77-412B-91FC-A5E98CA55AFE}.Debug|x64.ActiveCfg = Debug|Any CPU
		{B556E383-0A77-412B-91FC-A5E98CA55AFE}.Debug|x64.Build.0 = Debug|Any CPU
		{B556E383-0A77-412B-91FC-A5E98CA55AFE}.Debug|x86.ActiveCfg = Debug|Any CPU
		{B556E383-0A77-412B-91FC-A5E98CA55AFE}.Debug|x86.Build.0 = Debug|Any CPU
		{B556E383-0A77-412B-91FC-A5E98CA55AFE}.Release|Any CPU.ActiveCfg = Release|Any CPU
		{B556E383-0A77-412B-91FC-A5E98CA55AFE}.Release|Any CPU.Build.0 = Release|Any CPU
		{B556E383-0A77-412B-91FC-A5E98CA55AFE}.Release|x64.ActiveCfg = Release|Any CPU
		{B556E383-0A77-412B-91FC-A5E98CA55AFE}.Release|x64.Build.0 = Release|Any CPU
		{B556E383-0A77-412B-91FC-A5E98CA55AFE}.Release|x86.ActiveCfg = Release|Any CPU
		{B556E383-0A77-412B-91FC-A5E98CA55AFE}.Release|x86.Build.0 = Release|Any CPU
		{4CF8DB9B-58D8-4F1F-9C1E-BA3816C9C8BC}.Debug|Any CPU.ActiveCfg = Debug|Any CPU
		{4CF8DB9B-58D8-4F1F-9C1E-BA3816C9C8BC}.Debug|Any CPU.Build.0 = Debug|Any CPU
		{4CF8DB9B-58D8-4F1F-9C1E-BA3816C9C8BC}.Debug|x64.ActiveCfg = Debug|Any CPU
		{4CF8DB9B-58D8-4F1F-9C1E-BA3816C9C8BC}.Debug|x64.Build.0 = Debug|Any CPU
		{4CF8DB9B-58D8-4F1F-9C1E-BA3816C9C8BC}.Debug|x86.ActiveCfg = Debug|Any CPU
		{4CF8DB9B-58D8-4F1F-9C1E-BA3816C9C8BC}.Debug|x86.Build.0 = Debug|Any CPU
		{4CF8DB9B-58D8-4F1F-9C1E-BA3816C9C8BC}.Release|Any CPU.ActiveCfg = Release|Any CPU
		{4CF8DB9B-58D8-4F1F-9C1E-BA3816C9C8BC}.Release|Any CPU.Build.0 = Release|Any CPU
		{4CF8DB9B-58D8-4F1F-9C1E-BA3816C9C8BC}.Release|x64.ActiveCfg = Release|Any CPU
		{4CF8DB9B-58D8-4F1F-9C1E-BA3816C9C8BC}.Release|x64.Build.0 = Release|Any CPU
		{4CF8DB9B-58D8-4F1F-9C1E-BA3816C9C8BC}.Release|x86.ActiveCfg = Release|Any CPU
		{4CF8DB9B-58D8-4F1F-9C1E-BA3816C9C8BC}.Release|x86.Build.0 = Release|Any CPU
	EndGlobalSection
	GlobalSection(SolutionProperties) = preSolution
		HideSolutionNode = FALSE
	EndGlobalSection
	GlobalSection(NestedProjects) = preSolution
		{6146915D-7056-4F02-B7A2-4F4EC865F30E} = {EFFCF19A-4880-422C-82FE-74D84128E83F}
		{E856D4AC-6BF1-4644-9BC8-2667F5A9E39A} = {EFFCF19A-4880-422C-82FE-74D84128E83F}
		{268BB6D8-E318-47F1-9CFF-E0741ED99A3F} = {EFFCF19A-4880-422C-82FE-74D84128E83F}
		{1C8ED70F-ED48-4640-BF71-996C936F22D4} = {EFFCF19A-4880-422C-82FE-74D84128E83F}
		{EA28EF3F-22EB-43DB-8CD7-BF694C7B370F} = {1C8ED70F-ED48-4640-BF71-996C936F22D4}
		{AAD81AE0-76C4-467D-83CE-38D05D64416C} = {1C8ED70F-ED48-4640-BF71-996C936F22D4}
		{EE431B63-0AB1-4EA3-A710-69343AD7CBB0} = {1C8ED70F-ED48-4640-BF71-996C936F22D4}
		{3C072EBE-BEF6-4964-AF7D-5AA5F6290286} = {EFFCF19A-4880-422C-82FE-74D84128E83F}
		{B556E383-0A77-412B-91FC-A5E98CA55AFE} = {EFFCF19A-4880-422C-82FE-74D84128E83F}
		{4CF8DB9B-58D8-4F1F-9C1E-BA3816C9C8BC} = {1C8ED70F-ED48-4640-BF71-996C936F22D4}
	EndGlobalSection
	GlobalSection(ExtensibilityGlobals) = postSolution
		SolutionGuid = {EC7C1E69-67A1-4574-93CF-F9BBFB2F1E6E}
	EndGlobalSection
EndGlobal
